
Microsoft Visual Studio Solution File, Format Version 12.00
# Visual Studio Version 17
VisualStudioVersion = 17.7.34018.315
MinimumVisualStudioVersion = 10.0.40219.1
Project("{FAE04EC0-301F-11D3-BF4B-00C04F79EFBC}") = "DeweyDecimalApplication", "DeweyDecimalApplication\DeweyDecimalApplication.csproj", "{99EC3F2F-3893-4911-97E1-489A4FA28980}"
EndProject
Global
	GlobalSection(SolutionConfigurationPlatforms) = preSolution
		Debug|Any CPU = Debug|Any CPU
		Release|Any CPU = Release|Any CPU
	EndGlobalSection
	GlobalSection(ProjectConfigurationPlatforms) = postSolution
		{99EC3F2F-3893-4911-97E1-489A4FA28980}.Debug|Any CPU.ActiveCfg = Debug|Any CPU
		{99EC3F2F-3893-4911-97E1-489A4FA28980}.Debug|Any CPU.Build.0 = Debug|Any CPU
		{99EC3F2F-3893-4911-97E1-489A4FA28980}.Release|Any CPU.ActiveCfg = Release|Any CPU
		{99EC3F2F-3893-4911-97E1-489A4FA28980}.Release|Any CPU.Build.0 = Release|Any CPU
	EndGlobalSection
	GlobalSection(SolutionProperties) = preSolution
		HideSolutionNode = FALSE
	EndGlobalSection
	GlobalSection(ExtensibilityGlobals) = postSolution
		SolutionGuid = {48E0A48E-C231-47C2-ACD3-588036FDE092}
	EndGlobalSection
EndGlobal
